
Microsoft Visual Studio Solution File, Format Version 12.00
# Visual Studio Version 17
VisualStudioVersion = 17.3.32901.215
MinimumVisualStudioVersion = 10.0.40219.1
Project("{9A19103F-16F7-4668-BE54-9A1E7A4F7556}") = "Portfolio", "Portfolio\Portfolio.csproj", "{9DD5FE72-3459-4ACD-99F7-32C8173C896F}"
EndProject
Global
	GlobalSection(SolutionConfigurationPlatforms) = preSolution
		Debug|Any CPU = Debug|Any CPU
		Release|Any CPU = Release|Any CPU
	EndGlobalSection
	GlobalSection(ProjectConfigurationPlatforms) = postSolution
		{9DD5FE72-3459-4ACD-99F7-32C8173C896F}.Debug|Any CPU.ActiveCfg = Debug|Any CPU
		{9DD5FE72-3459-4ACD-99F7-32C8173C896F}.Debug|Any CPU.Build.0 = Debug|Any CPU
		{9DD5FE72-3459-4ACD-99F7-32C8173C896F}.Release|Any CPU.ActiveCfg = Release|Any CPU
		{9DD5FE72-3459-4ACD-99F7-32C8173C896F}.Release|Any CPU.Build.0 = Release|Any CPU
	EndGlobalSection
	GlobalSection(SolutionProperties) = preSolution
		HideSolutionNode = FALSE
	EndGlobalSection
	GlobalSection(ExtensibilityGlobals) = postSolution
		SolutionGuid = {98F08F30-97CF-49DF-91D3-0004FFDCE81C}
	EndGlobalSection
EndGlobal
